{
  "originHash" : "b22a47a34e936e432c3cd201feef2a8f3723ebe3acf62a3f357976abe9d6223d",
  "pins" : [
    {
      "identity" : "foundationmodelstools",
      "kind" : "remoteSourceControl",
      "location" : "https://github.com/rudrankriyam/FoundationModelsTools.git",
      "state" : {
        "branch" : "main",
        "revision" : "17c5d905861ff35af9b01516b48183aa2937e3cf"
      }
    },
    {
      "identity" : "highlightswift",
      "kind" : "remoteSourceControl",
      "location" : "https://github.com/appstefan/HighlightSwift.git",
      "state" : {
        "revision" : "784ca3ccfc8a2cf724fbb2f06cb6ec3329424da3",
        "version" : "1.1.0"
      }
    },
    {
      "identity" : "keychainaccess",
      "kind" : "remoteSourceControl",
      "location" : "https://github.com/kishikawakatsumi/KeychainAccess.git",
      "state" : {
        "revision" : "84e546727d66f1adc5439debad16270d0fdd04e7",
        "version" : "4.2.2"
      }
    },
    {
      "identity" : "liquidglaskit",
      "kind" : "remoteSourceControl",
      "location" : "https://github.com/rryam/LiquidGlasKit.git",
      "state" : {
        "branch" : "main",
        "revision" : "06769388536d78d262ff80d4cebeb3fbbd69afdc"
      }
    }
  ],
  "version" : 3
}
