{
  "originHash" : "7fe9db32ce163f1e889469b40ff9d643d828527a0f5ba5f81c0517c28b6705c1",
  "pins" : [
    {
      "identity" : "foundationmodelstools",
      "kind" : "remoteSourceControl",
      "location" : "https://github.com/rudrankriyam/FoundationModelsTools.git",
      "state" : {
        "branch" : "main",
        "revision" : "32a3da95f680c36b59ac93135d2206b3b44e6c7c"
      }
    },
    {
      "identity" : "highlightswift",
      "kind" : "remoteSourceControl",
      "location" : "https://github.com/appstefan/HighlightSwift.git",
      "state" : {
        "revision" : "784ca3ccfc8a2cf724fbb2f06cb6ec3329424da3",
        "version" : "1.1.0"
      }
    },
    {
      "identity" : "liquidglaskit",
      "kind" : "remoteSourceControl",
      "location" : "https://github.com/rryam/LiquidGlasKit.git",
      "state" : {
        "branch" : "main",
        "revision" : "06769388536d78d262ff80d4cebeb3fbbd69afdc"
      }
    }
  ],
  "version" : 3
}
