{
  "originHash" : "0fc142bb472c2d8dd8e4c783a4c096ca6886fff7bc2b3d06f5000b71e19bf50c",
  "pins" : [
    {
      "identity" : "foundationmodelstools",
      "kind" : "remoteSourceControl",
      "location" : "https://github.com/rudrankriyam/FoundationModelsTools.git",
      "state" : {
        "branch" : "main",
        "revision" : "207b5a123bebb78f9a907287255b31971b16ee86"
      }
    },
    {
      "identity" : "swift-argument-parser",
      "kind" : "remoteSourceControl",
      "location" : "https://github.com/apple/swift-argument-parser.git",
      "state" : {
        "revision" : "c5d11a805e765f52ba34ec7284bd4fcd6ba68615",
        "version" : "1.7.0"
      }
    }
  ],
  "version" : 3
}
